
Microsoft Visual Studio Solution File, Format Version 12.00
# Visual Studio Version 16
VisualStudioVersion = 16.0.31019.35
MinimumVisualStudioVersion = 10.0.40219.1
Project("{FAE04EC0-301F-11D3-BF4B-00C04F79EFBC}") = "ConsoleApp1", "ConsoleApp1\ConsoleApp1.csproj", "{911A4AFA-92BE-4352-A160-C24BB179ECB5}"
EndProject
Global
	GlobalSection(SolutionConfigurationPlatforms) = preSolution
		Debug|Any CPU = Debug|Any CPU
		Release|Any CPU = Release|Any CPU
	EndGlobalSection
	GlobalSection(ProjectConfigurationPlatforms) = postSolution
		{911A4AFA-92BE-4352-A160-C24BB179ECB5}.Debug|Any CPU.ActiveCfg = Debug|Any CPU
		{911A4AFA-92BE-4352-A160-C24BB179ECB5}.Debug|Any CPU.Build.0 = Debug|Any CPU
		{911A4AFA-92BE-4352-A160-C24BB179ECB5}.Release|Any CPU.ActiveCfg = Release|Any CPU
		{911A4AFA-92BE-4352-A160-C24BB179ECB5}.Release|Any CPU.Build.0 = Release|Any CPU
	EndGlobalSection
	GlobalSection(SolutionProperties) = preSolution
		HideSolutionNode = FALSE
	EndGlobalSection
	GlobalSection(ExtensibilityGlobals) = postSolution
		SolutionGuid = {D049A750-6147-413D-910A-AA6426894F69}
	EndGlobalSection
EndGlobal
